{
  "nodes": {
    "ac-library": {
      "flake": false,
      "locked": {
        "lastModified": 1718768844,
        "narHash": "sha256-FisbOUWM9yH9+WdtpW9zmhD1wcAQl35N9j5vJRlhX4M=",
        "owner": "atcoder",
        "repo": "ac-library",
        "rev": "fe9b6fca9ab4e1be946ea23a4e6a2a751cf4aaa2",
        "type": "github"
      },
      "original": {
        "owner": "atcoder",
        "repo": "ac-library",
        "type": "github"
      }
    },
    "boost": {
      "flake": false,
      "locked": {
        "lastModified": 1730689871,
        "narHash": "sha256-ID+2QwguaU0VZKv7NOh6JTNh/Y3BVxgAwLZsjsKr7BQ=",
        "owner": "boostorg",
        "repo": "boost",
        "rev": "73684d37292bf561814a8262b14ec3e660e6999b",
        "type": "github"
      },
      "original": {
        "owner": "boostorg",
        "repo": "boost",
        "type": "github"
      }
    },
    "eigen": {
      "flake": false,
      "locked": {
        "narHash": "sha256-yt4jHi3HCtm2RETxu4dsdMxy1Isdd/R82JffasvQDt4=",
        "type": "file",
        "url": "https://gitlab.com/libeigen/eigen/-/releases/3.4.0"
      },
      "original": {
        "type": "file",
        "url": "https://gitlab.com/libeigen/eigen/-/releases/3.4.0"
      }
    },
    "flake-utils": {
      "inputs": {
        "systems": "systems"
      },
      "locked": {
        "lastModified": 1726560853,
        "narHash": "sha256-X6rJYSESBVr3hBoH0WbKE5KvhPU5bloyZ2L4K60/fPQ=",
        "owner": "numtide",
        "repo": "flake-utils",
        "rev": "c1dfcf08411b08f6b8615f7d8971a2bfa81d5e8a",
        "type": "github"
      },
      "original": {
        "owner": "numtide",
        "repo": "flake-utils",
        "type": "github"
      }
    },
    "my-cpp": {
      "inputs": {
        "ac-library": "ac-library",
        "boost": "boost",
        "eigen": "eigen"
      },
      "locked": {
        "lastModified": 1,
        "narHash": "sha256-qySSyJcEdg6nXy73mYYgZH0LItylAPOD5YJSNh6YxVM=",
        "path": "/nix/store/xxivknrb5gji2b5q2hp1jxbdss1dzmcx-source/cpp",
        "type": "path"
      },
      "original": {
        "path": "/nix/store/xxivknrb5gji2b5q2hp1jxbdss1dzmcx-source/cpp",
        "type": "path"
      }
    },
    "nixpkgs": {
      "locked": {
        "lastModified": 1730272153,
        "narHash": "sha256-B5WRZYsRlJgwVHIV6DvidFN7VX7Fg9uuwkRW9Ha8z+w=",
        "owner": "NixOS",
        "repo": "nixpkgs",
        "rev": "2d2a9ddbe3f2c00747398f3dc9b05f7f2ebb0f53",
        "type": "github"
      },
      "original": {
        "owner": "NixOS",
        "ref": "nixpkgs-unstable",
        "repo": "nixpkgs",
        "type": "github"
      }
    },
    "root": {
      "inputs": {
        "flake-utils": "flake-utils",
        "my-cpp": "my-cpp",
        "nixpkgs": "nixpkgs"
      }
    },
    "systems": {
      "locked": {
        "lastModified": 1681028828,
        "narHash": "sha256-Vy1rq5AaRuLzOxct8nz4T6wlgyUR7zLU309k9mBC768=",
        "owner": "nix-systems",
        "repo": "default",
        "rev": "da67096a3b9bf56a91d16901293e51ba5b49a27e",
        "type": "github"
      },
      "original": {
        "owner": "nix-systems",
        "repo": "default",
        "type": "github"
      }
    }
  },
  "root": "root",
  "version": 7
}
